{
  "name": "js",
  "lockfileVersion": 3,
  "requires": true,
  "packages": {
    "": {
      "workspaces": [
        "packages/*"
      ]
    },
    "node_modules/@lvqr/core": {
      "resolved": "packages/core",
      "link": true
    },
    "node_modules/@lvqr/player": {
      "resolved": "packages/player",
      "link": true
    },
    "node_modules/typescript": {
      "version": "5.9.3",
      "resolved": "https://registry.npmjs.org/typescript/-/typescript-5.9.3.tgz",
      "integrity": "sha512-jl1vZzPDinLr9eUt3J/t7V6FgNEw9QjvBPdysz9KfQDD41fQrC2Y4vKQdiaUpFT4bXlb1RHhLpp8wtm6M5TgSw==",
      "dev": true,
      "license": "Apache-2.0",
      "bin": {
        "tsc": "bin/tsc",
        "tsserver": "bin/tsserver"
      },
      "engines": {
        "node": ">=14.17"
      }
    },
    "packages/core": {
      "name": "@lvqr/core",
      "version": "0.2.0",
      "license": "MIT OR Apache-2.0",
      "devDependencies": {
        "typescript": "^5.0.0"
      }
    },
    "packages/player": {
      "name": "@lvqr/player",
      "version": "0.2.0",
      "license": "MIT OR Apache-2.0",
      "dependencies": {
        "@lvqr/core": "0.2.0"
      },
      "devDependencies": {
        "typescript": "^5.0.0"
      }
    }
  }
}
